
Microsoft Visual Studio Solution File, Format Version 12.00
# Visual Studio 14
VisualStudioVersion = 14.0.25420.1
MinimumVisualStudioVersion = 10.0.40219.1
Project("{8BC9CEB8-8B4A-11D0-8D11-00A0C91BC942}") = "Project1", "Project1\Project1.vcxproj", "{F869083F-4F41-4732-A0B5-60D0527ECBE4}"
EndProject
Project("{2150E333-8FDC-42A3-9474-1A3956D46DE8}") = "Solution Items", "Solution Items", "{4C1A0756-50B9-4E43-86EF-7D8422C0BBCE}"
	ProjectSection(SolutionItems) = preProject
		Project1\Sequence.cpp = Project1\Sequence.cpp
	EndProjectSection
EndProject
Global
	GlobalSection(SolutionConfigurationPlatforms) = preSolution
		Debug|x64 = Debug|x64
		Debug|x86 = Debug|x86
		Release|x64 = Release|x64
		Release|x86 = Release|x86
	EndGlobalSection
	GlobalSection(ProjectConfigurationPlatforms) = postSolution
		{F869083F-4F41-4732-A0B5-60D0527ECBE4}.Debug|x64.ActiveCfg = Debug|x64
		{F869083F-4F41-4732-A0B5-60D0527ECBE4}.Debug|x64.Build.0 = Debug|x64
		{F869083F-4F41-4732-A0B5-60D0527ECBE4}.Debug|x86.ActiveCfg = Debug|Win32
		{F869083F-4F41-4732-A0B5-60D0527ECBE4}.Debug|x86.Build.0 = Debug|Win32
		{F869083F-4F41-4732-A0B5-60D0527ECBE4}.Release|x64.ActiveCfg = Release|x64
		{F869083F-4F41-4732-A0B5-60D0527ECBE4}.Release|x64.Build.0 = Release|x64
		{F869083F-4F41-4732-A0B5-60D0527ECBE4}.Release|x86.ActiveCfg = Release|Win32
		{F869083F-4F41-4732-A0B5-60D0527ECBE4}.Release|x86.Build.0 = Release|Win32
	EndGlobalSection
	GlobalSection(SolutionProperties) = preSolution
		HideSolutionNode = FALSE
	EndGlobalSection
EndGlobal
